{
  "name": "nodecurso",
  "version": "1.0.0",
  "lockfileVersion": 3,
  "requires": true,
  "type": "module",
  "packages": {
    "": {
      "name": "nodecurso",
      "version": "1.0.0",
      "license": "ISC",
      "dependencies": {
        "nodecurso": "file:"
      }
    },
    "node_modules/nodecurso": {
      "resolved": "",
      "link": true
    }
  }
}
